
Microsoft Visual Studio Solution File, Format Version 12.00
# Visual Studio Version 17
VisualStudioVersion = 17.13.35828.75 d17.13
MinimumVisualStudioVersion = 10.0.40219.1
Project("{FAE04EC0-301F-11D3-BF4B-00C04F79EFBC}") = "curitibano.microservico.junina", "curitibano.microservico.junina.csproj", "{BD6A449C-B0A4-46E5-897C-B211F1453B84}"
EndProject
Global
	GlobalSection(SolutionConfigurationPlatforms) = preSolution
		Debug|Any CPU = Debug|Any CPU
		Release|Any CPU = Release|Any CPU
	EndGlobalSection
	GlobalSection(ProjectConfigurationPlatforms) = postSolution
		{BD6A449C-B0A4-46E5-897C-B211F1453B84}.Debug|Any CPU.ActiveCfg = Debug|Any CPU
		{BD6A449C-B0A4-46E5-897C-B211F1453B84}.Debug|Any CPU.Build.0 = Debug|Any CPU
		{BD6A449C-B0A4-46E5-897C-B211F1453B84}.Release|Any CPU.ActiveCfg = Release|Any CPU
		{BD6A449C-B0A4-46E5-897C-B211F1453B84}.Release|Any CPU.Build.0 = Release|Any CPU
	EndGlobalSection
	GlobalSection(SolutionProperties) = preSolution
		HideSolutionNode = FALSE
	EndGlobalSection
	GlobalSection(ExtensibilityGlobals) = postSolution
		SolutionGuid = {E121AFB1-050E-47CA-A459-3301F3CE7985}
	EndGlobalSection
EndGlobal
